
Microsoft Visual Studio Solution File, Format Version 12.00
# Visual Studio Version 16
VisualStudioVersion = 16.0.32929.386
MinimumVisualStudioVersion = 10.0.40219.1
Project("{9A19103F-16F7-4668-BE54-9A1E7A4F7556}") = "MVCGarden", "MVCGarden\MVCGarden.csproj", "{B9542EA9-9062-46DE-9734-3C45BA6716CC}"
EndProject
Project("{FAE04EC0-301F-11D3-BF4B-00C04F79EFBC}") = "CenaTransport", "CenaTransport\CenaTransport.csproj", "{4642DE72-37DA-49B4-8471-94DEE37845CD}"
EndProject
Global
	GlobalSection(SolutionConfigurationPlatforms) = preSolution
		Debug|Any CPU = Debug|Any CPU
		Release|Any CPU = Release|Any CPU
	EndGlobalSection
	GlobalSection(ProjectConfigurationPlatforms) = postSolution
		{B9542EA9-9062-46DE-9734-3C45BA6716CC}.Debug|Any CPU.ActiveCfg = Debug|Any CPU
		{B9542EA9-9062-46DE-9734-3C45BA6716CC}.Debug|Any CPU.Build.0 = Debug|Any CPU
		{B9542EA9-9062-46DE-9734-3C45BA6716CC}.Release|Any CPU.ActiveCfg = Release|Any CPU
		{B9542EA9-9062-46DE-9734-3C45BA6716CC}.Release|Any CPU.Build.0 = Release|Any CPU
		{4642DE72-37DA-49B4-8471-94DEE37845CD}.Debug|Any CPU.ActiveCfg = Debug|Any CPU
		{4642DE72-37DA-49B4-8471-94DEE37845CD}.Debug|Any CPU.Build.0 = Debug|Any CPU
		{4642DE72-37DA-49B4-8471-94DEE37845CD}.Release|Any CPU.ActiveCfg = Release|Any CPU
		{4642DE72-37DA-49B4-8471-94DEE37845CD}.Release|Any CPU.Build.0 = Release|Any CPU
	EndGlobalSection
	GlobalSection(SolutionProperties) = preSolution
		HideSolutionNode = FALSE
	EndGlobalSection
	GlobalSection(ExtensibilityGlobals) = postSolution
		SolutionGuid = {D987E7E9-E34C-45F0-AA2C-107386FA3BB4}
	EndGlobalSection
EndGlobal
